
Microsoft Visual Studio Solution File, Format Version 12.00
# Visual Studio Version 16
VisualStudioVersion = 16.0.29326.143
MinimumVisualStudioVersion = 10.0.40219.1
Project("{2150E333-8FDC-42A3-9474-1A3956D46DE8}") = "IndexingService", "IndexingService", "{5F930563-A807-44A2-8866-6A36E435D222}"
EndProject
Project("{2150E333-8FDC-42A3-9474-1A3956D46DE8}") = "Services", "Services", "{86094720-38FB-415F-8108-FBA23A66C3E1}"
EndProject
Project("{2150E333-8FDC-42A3-9474-1A3956D46DE8}") = "src", "src", "{729019E0-2980-4BFE-9621-8AE2735E6E42}"
EndProject
Project("{9A19103F-16F7-4668-BE54-9A1E7A4F7556}") = "Diploma.IndexingService.Api", "src\Services\IndexingService\Diploma.IndexingService.Api\Diploma.IndexingService.Api.csproj", "{E5AF1DFA-5B1F-40EF-86E2-778CF6475C66}"
EndProject
Project("{9A19103F-16F7-4668-BE54-9A1E7A4F7556}") = "Diploma.IndexingService.Core", "src\Services\IndexingService\Diploma.IndexingService.Core\Diploma.IndexingService.Core.csproj", "{B88755D6-C06A-408B-92F3-9C84F268CA50}"
EndProject
Project("{2150E333-8FDC-42A3-9474-1A3956D46DE8}") = "Infrastructure", "Infrastructure", "{4BDD20FA-587A-4715-9D29-49076AD6CA48}"
EndProject
Project("{2150E333-8FDC-42A3-9474-1A3956D46DE8}") = "tests", "tests", "{BF45DF54-21CB-4ACE-8A9E-8210A9353243}"
EndProject
Project("{2150E333-8FDC-42A3-9474-1A3956D46DE8}") = "DocumentProcessingService", "DocumentProcessingService", "{439FE51B-920B-4637-B85F-0A9789AC99BE}"
EndProject
Global
	GlobalSection(SolutionConfigurationPlatforms) = preSolution
		Debug|Any CPU = Debug|Any CPU
		Release|Any CPU = Release|Any CPU
	EndGlobalSection
	GlobalSection(ProjectConfigurationPlatforms) = postSolution
		{E5AF1DFA-5B1F-40EF-86E2-778CF6475C66}.Debug|Any CPU.ActiveCfg = Debug|Any CPU
		{E5AF1DFA-5B1F-40EF-86E2-778CF6475C66}.Debug|Any CPU.Build.0 = Debug|Any CPU
		{E5AF1DFA-5B1F-40EF-86E2-778CF6475C66}.Release|Any CPU.ActiveCfg = Release|Any CPU
		{E5AF1DFA-5B1F-40EF-86E2-778CF6475C66}.Release|Any CPU.Build.0 = Release|Any CPU
		{B88755D6-C06A-408B-92F3-9C84F268CA50}.Debug|Any CPU.ActiveCfg = Debug|Any CPU
		{B88755D6-C06A-408B-92F3-9C84F268CA50}.Debug|Any CPU.Build.0 = Debug|Any CPU
		{B88755D6-C06A-408B-92F3-9C84F268CA50}.Release|Any CPU.ActiveCfg = Release|Any CPU
		{B88755D6-C06A-408B-92F3-9C84F268CA50}.Release|Any CPU.Build.0 = Release|Any CPU
	EndGlobalSection
	GlobalSection(SolutionProperties) = preSolution
		HideSolutionNode = FALSE
	EndGlobalSection
	GlobalSection(NestedProjects) = preSolution
		{5F930563-A807-44A2-8866-6A36E435D222} = {86094720-38FB-415F-8108-FBA23A66C3E1}
		{86094720-38FB-415F-8108-FBA23A66C3E1} = {729019E0-2980-4BFE-9621-8AE2735E6E42}
		{E5AF1DFA-5B1F-40EF-86E2-778CF6475C66} = {5F930563-A807-44A2-8866-6A36E435D222}
		{B88755D6-C06A-408B-92F3-9C84F268CA50} = {5F930563-A807-44A2-8866-6A36E435D222}
		{4BDD20FA-587A-4715-9D29-49076AD6CA48} = {729019E0-2980-4BFE-9621-8AE2735E6E42}
		{439FE51B-920B-4637-B85F-0A9789AC99BE} = {86094720-38FB-415F-8108-FBA23A66C3E1}
	EndGlobalSection
	GlobalSection(ExtensibilityGlobals) = postSolution
		SolutionGuid = {8294FFF5-C53F-4C77-8BCD-DE7E20669BD9}
	EndGlobalSection
EndGlobal
